
Microsoft Visual Studio Solution File, Format Version 12.00
# Visual Studio 15
VisualStudioVersion = 15.0.27428.2037
MinimumVisualStudioVersion = 10.0.40219.1
Project("{9A19103F-16F7-4668-BE54-9A1E7A4F7556}") = "placements", "placements.csproj", "{4C8BC374-273F-40D4-96F0-F35F39386656}"
EndProject
Global
	GlobalSection(SolutionConfigurationPlatforms) = preSolution
		Debug|Any CPU = Debug|Any CPU
		Release|Any CPU = Release|Any CPU
	EndGlobalSection
	GlobalSection(ProjectConfigurationPlatforms) = postSolution
		{4C8BC374-273F-40D4-96F0-F35F39386656}.Debug|Any CPU.ActiveCfg = Debug|Any CPU
		{4C8BC374-273F-40D4-96F0-F35F39386656}.Debug|Any CPU.Build.0 = Debug|Any CPU
		{4C8BC374-273F-40D4-96F0-F35F39386656}.Release|Any CPU.ActiveCfg = Release|Any CPU
		{4C8BC374-273F-40D4-96F0-F35F39386656}.Release|Any CPU.Build.0 = Release|Any CPU
	EndGlobalSection
	GlobalSection(SolutionProperties) = preSolution
		HideSolutionNode = FALSE
	EndGlobalSection
	GlobalSection(ExtensibilityGlobals) = postSolution
		SolutionGuid = {E9D6D5F1-6036-4F14-BE3B-953933031444}
	EndGlobalSection
EndGlobal
